{
  "name": "sr_test_framework",
  "version": "1.0.11",
  "lockfileVersion": 1,
  "requires": true,
  "dependencies": {
    "@types/node": {
      "version": "14.11.2",
      "resolved": "https://registry.npmjs.org/@types/node/-/node-14.11.2.tgz",
      "integrity": "sha512-jiE3QIxJ8JLNcb1Ps6rDbysDhN4xa8DJJvuC9prr6w+1tIh+QAbYyNF3tyiZNLDBIuBCf4KEcV2UvQm/V60xfA==",
      "dev": true
    },
    "sr_core_ts": {
      "version": "1.46.39",
      "resolved": "https://registry.npmjs.org/sr_core_ts/-/sr_core_ts-1.46.39.tgz",
      "integrity": "sha512-+O5Dfp1d2ZFU1mO4Od3vBehYemBRVSuxiEJ826qVVk1UX/XCPCaeHHpctAHSPwzXQmv4wo+NgmPJqGpR46aR3w=="
    }
  }
}
