{
  "name": "sr_test_framework",
  "version": "1.0.16",
  "lockfileVersion": 1,
  "requires": true,
  "dependencies": {
    "@types/node": {
      "version": "14.11.10",
      "resolved": "https://registry.npmjs.org/@types/node/-/node-14.11.10.tgz",
      "integrity": "sha512-yV1nWZPlMFpoXyoknm4S56y2nlTAuFYaJuQtYRAOU7xA/FJ9RY0Xm7QOkaYMMmr8ESdHIuUb6oQgR/0+2NqlyA==",
      "dev": true
    },
    "sr_core_ts": {
      "version": "1.46.42",
      "resolved": "https://registry.npmjs.org/sr_core_ts/-/sr_core_ts-1.46.42.tgz",
      "integrity": "sha512-k+ztIT83YFSX9HF8jIEsnkFwQIvd7ythzsuHaeNus7r9U8ZO9RMix5Y8vhFUZHcCE9knDnOiE+JsiRuyfZFZ6Q=="
    }
  }
}
